// !$*UTF8*$!
{
	archiveVersion = 1;
	classes = {
	};
	objectVersion = 46;
	objects = {

/* Begin PBXBuildFile section */
		EA577B7F1994938C00103AD4 /* main.m in Sources */ = {isa = PBXBuildFile; fileRef = EA577B7E1994938C00103AD4 /* main.m */; };
		EA577B821994938C00103AD4 /* AppDelegate.m in Sources */ = {isa = PBXBuildFile; fileRef = EA577B811994938C00103AD4 /* AppDelegate.m */; };
		EA577B841994938C00103AD4 /* Images.xcassets in Resources */ = {isa = PBXBuildFile; fileRef = EA577B831994938C00103AD4 /* Images.xcassets */; };
		EA577B871994938C00103AD4 /* MainMenu.xib in Resources */ = {isa = PBXBuildFile; fileRef = EA577B851994938C00103AD4 /* MainMenu.xib */; };
		EA577B931994938C00103AD4 /* control_server2Tests.m in Sources */ = {isa = PBXBuildFile; fileRef = EA577B921994938C00103AD4 /* control_server2Tests.m */; };
		EA805530199C3B9B00805893 /* AsyncSocket.m in Sources */ = {isa = PBXBuildFile; fileRef = EA80552F199C3B9B00805893 /* AsyncSocket.m */; };
/* End PBXBuildFile section */

/* Begin PBXContainerItemProxy section */
		EA577B8D1994938C00103AD4 /* PBXContainerItemProxy */ = {
			isa = PBXContainerItemProxy;
			containerPortal = EA577B711994938C00103AD4 /* Project object */;
			proxyType = 1;
			remoteGlobalIDString = EA577B781994938C00103AD4;
			remoteInfo = "control server2";
		};
/* End PBXContainerItemProxy section */

/* Begin PBXFileReference section */
		EA577B791994938C00103AD4 /* control server2.app */ = {isa = PBXFileReference; explicitFileType = wrapper.application; includeInIndex = 0; path = "control server2.app"; sourceTree = BUILT_PRODUCTS_DIR; };
		EA577B7D1994938C00103AD4 /* Info.plist */ = {isa = PBXFileReference; lastKnownFileType = text.plist.xml; path = Info.plist; sourceTree = "<group>"; };
		EA577B7E1994938C00103AD4 /* main.m */ = {isa = PBXFileReference; lastKnownFileType = sourcecode.c.objc; path = main.m; sourceTree = "<group>"; };
		EA577B801994938C00103AD4 /* AppDelegate.h */ = {isa = PBXFileReference; lastKnownFileType = sourcecode.c.h; path = AppDelegate.h; sourceTree = "<group>"; };
		EA577B811994938C00103AD4 /* AppDelegate.m */ = {isa = PBXFileReference; lastKnownFileType = sourcecode.c.objc; path = AppDelegate.m; sourceTree = "<group>"; };
		EA577B831994938C00103AD4 /* Images.xcassets */ = {isa = PBXFileReference; lastKnownFileType = folder.assetcatalog; path = Images.xcassets; sourceTree = "<group>"; };
		EA577B861994938C00103AD4 /* Base */ = {isa = PBXFileReference; lastKnownFileType = file.xib; name = Base; path = Base.lproj/MainMenu.xib; sourceTree = "<group>"; };
		EA577B8C1994938C00103AD4 /* control server2Tests.xctest */ = {isa = PBXFileReference; explicitFileType = wrapper.cfbundle; includeInIndex = 0; path = "control server2Tests.xctest"; sourceTree = BUILT_PRODUCTS_DIR; };
		EA577B911994938C00103AD4 /* Info.plist */ = {isa = PBXFileReference; lastKnownFileType = text.plist.xml; path = Info.plist; sourceTree = "<group>"; };
		EA577B921994938C00103AD4 /* control_server2Tests.m */ = {isa = PBXFileReference; lastKnownFileType = sourcecode.c.objc; path = control_server2Tests.m; sourceTree = "<group>"; };
		EA80552E199C3B9B00805893 /* AsyncSocket.h */ = {isa = PBXFileReference; fileEncoding = 4; lastKnownFileType = sourcecode.c.h; path = AsyncSocket.h; sourceTree = "<group>"; };
		EA80552F199C3B9B00805893 /* AsyncSocket.m */ = {isa = PBXFileReference; fileEncoding = 4; lastKnownFileType = sourcecode.c.objc; path = AsyncSocket.m; sourceTree = "<group>"; };
/* End PBXFileReference section */

/* Begin PBXFrameworksBuildPhase section */
		EA577B761994938C00103AD4 /* Frameworks */ = {
			isa = PBXFrameworksBuildPhase;
			buildActionMask = 2147483647;
			files = (
			);
			runOnlyForDeploymentPostprocessing = 0;
		};
		EA577B891994938C00103AD4 /* Frameworks */ = {
			isa = PBXFrameworksBuildPhase;
			buildActionMask = 2147483647;
			files = (
			);
			runOnlyForDeploymentPostprocessing = 0;
		};
/* End PBXFrameworksBuildPhase section */

/* Begin PBXGroup section */
		EA577B701994938C00103AD4 = {
			isa = PBXGroup;
			children = (
				EA577B7B1994938C00103AD4 /* control server2 */,
				EA577B8F1994938C00103AD4 /* control server2Tests */,
				EA577B7A1994938C00103AD4 /* Products */,
			);
			sourceTree = "<group>";
		};
		EA577B7A1994938C00103AD4 /* Products */ = {
			isa = PBXGroup;
			children = (
				EA577B791994938C00103AD4 /* control server2.app */,
				EA577B8C1994938C00103AD4 /* control server2Tests.xctest */,
			);
			name = Products;
			sourceTree = "<group>";
		};
		EA577B7B1994938C00103AD4 /* control server2 */ = {
			isa = PBXGroup;
			children = (
				EA80552E199C3B9B00805893 /* AsyncSocket.h */,
				EA80552F199C3B9B00805893 /* AsyncSocket.m */,
				EA577B801994938C00103AD4 /* AppDelegate.h */,
				EA577B811994938C00103AD4 /* AppDelegate.m */,
				EA577B831994938C00103AD4 /* Images.xcassets */,
				EA577B851994938C00103AD4 /* MainMenu.xib */,
				EA577B7C1994938C00103AD4 /* Supporting Files */,
			);
			path = "control server2";
			sourceTree = "<group>";
		};
		EA577B7C1994938C00103AD4 /* Supporting Files */ = {
			isa = PBXGroup;
			children = (
				EA577B7D1994938C00103AD4 /* Info.plist */,
				EA577B7E1994938C00103AD4 /* main.m */,
			);
			name = "Supporting Files";
			sourceTree = "<group>";
		};
		EA577B8F1994938C00103AD4 /* control server2Tests */ = {
			isa = PBXGroup;
			children = (
				EA577B921994938C00103AD4 /* control_server2Tests.m */,
				EA577B901994938C00103AD4 /* Supporting Files */,
			);
			path = "control server2Tests";
			sourceTree = "<group>";
		};
		EA577B901994938C00103AD4 /* Supporting Files */ = {
			isa = PBXGroup;
			children = (
				EA577B911994938C00103AD4 /* Info.plist */,
			);
			name = "Supporting Files";
			sourceTree = "<group>";
		};
/* End PBXGroup section */

/* Begin PBXNativeTarget section */
		EA577B781994938C00103AD4 /* control server2 */ = {
			isa = PBXNativeTarget;
			buildConfigurationList = EA577B961994938C00103AD4 /* Build configuration list for PBXNativeTarget "control server2" */;
			buildPhases = (
				EA577B751994938C00103AD4 /* Sources */,
				EA577B761994938C00103AD4 /* Frameworks */,
				EA577B771994938C00103AD4 /* Resources */,
			);
			buildRules = (
			);
			dependencies = (
			);
			name = "control server2";
			productName = "control server2";
			productReference = EA577B791994938C00103AD4 /* control server2.app */;
			productType = "com.apple.product-type.application";
		};
		EA577B8B1994938C00103AD4 /* control server2Tests */ = {
			isa = PBXNativeTarget;
			buildConfigurationList = EA577B991994938C00103AD4 /* Build configuration list for PBXNativeTarget "control server2Tests" */;
			buildPhases = (
				EA577B881994938C00103AD4 /* Sources */,
				EA577B891994938C00103AD4 /* Frameworks */,
				EA577B8A1994938C00103AD4 /* Resources */,
			);
			buildRules = (
			);
			dependencies = (
				EA577B8E1994938C00103AD4 /* PBXTargetDependency */,
			);
			name = "control server2Tests";
			productName = "control server2Tests";
			productReference = EA577B8C1994938C00103AD4 /* control server2Tests.xctest */;
			productType = "com.apple.product-type.bundle.unit-test";
		};
/* End PBXNativeTarget section */

/* Begin PBXProject section */
		EA577B711994938C00103AD4 /* Project object */ = {
			isa = PBXProject;
			attributes = {
				LastUpgradeCheck = 0600;
				ORGANIZATIONNAME = "Michael Arthur";
				TargetAttributes = {
					EA577B781994938C00103AD4 = {
						CreatedOnToolsVersion = 6.0;
					};
					EA577B8B1994938C00103AD4 = {
						CreatedOnToolsVersion = 6.0;
						TestTargetID = EA577B781994938C00103AD4;
					};
				};
			};
			buildConfigurationList = EA577B741994938C00103AD4 /* Build configuration list for PBXProject "control server2" */;
			compatibilityVersion = "Xcode 3.2";
			developmentRegion = English;
			hasScannedForEncodings = 0;
			knownRegions = (
				en,
				Base,
			);
			mainGroup = EA577B701994938C00103AD4;
			productRefGroup = EA577B7A1994938C00103AD4 /* Products */;
			projectDirPath = "";
			projectRoot = "";
			targets = (
				EA577B781994938C00103AD4 /* control server2 */,
				EA577B8B1994938C00103AD4 /* control server2Tests */,
			);
		};
/* End PBXProject section */

/* Begin PBXResourcesBuildPhase section */
		EA577B771994938C00103AD4 /* Resources */ = {
			isa = PBXResourcesBuildPhase;
			buildActionMask = 2147483647;
			files = (
				EA577B841994938C00103AD4 /* Images.xcassets in Resources */,
				EA577B871994938C00103AD4 /* MainMenu.xib in Resources */,
			);
			runOnlyForDeploymentPostprocessing = 0;
		};
		EA577B8A1994938C00103AD4 /* Resources */ = {
			isa = PBXResourcesBuildPhase;
			buildActionMask = 2147483647;
			files = (
			);
			runOnlyForDeploymentPostprocessing = 0;
		};
/* End PBXResourcesBuildPhase section */

/* Begin PBXSourcesBuildPhase section */
		EA577B751994938C00103AD4 /* Sources */ = {
			isa = PBXSourcesBuildPhase;
			buildActionMask = 2147483647;
			files = (
				EA805530199C3B9B00805893 /* AsyncSocket.m in Sources */,
				EA577B821994938C00103AD4 /* AppDelegate.m in Sources */,
				EA577B7F1994938C00103AD4 /* main.m in Sources */,
			);
			runOnlyForDeploymentPostprocessing = 0;
		};
		EA577B881994938C00103AD4 /* Sources */ = {
			isa = PBXSourcesBuildPhase;
			buildActionMask = 2147483647;
			files = (
				EA577B931994938C00103AD4 /* control_server2Tests.m in Sources */,
			);
			runOnlyForDeploymentPostprocessing = 0;
		};
/* End PBXSourcesBuildPhase section */

/* Begin PBXTargetDependency section */
		EA577B8E1994938C00103AD4 /* PBXTargetDependency */ = {
			isa = PBXTargetDependency;
			target = EA577B781994938C00103AD4 /* control server2 */;
			targetProxy = EA577B8D1994938C00103AD4 /* PBXContainerItemProxy */;
		};
/* End PBXTargetDependency section */

/* Begin PBXVariantGroup section */
		EA577B851994938C00103AD4 /* MainMenu.xib */ = {
			isa = PBXVariantGroup;
			children = (
				EA577B861994938C00103AD4 /* Base */,
			);
			name = MainMenu.xib;
			sourceTree = "<group>";
		};
/* End PBXVariantGroup section */

/* Begin XCBuildConfiguration section */
		EA577B941994938C00103AD4 /* Debug */ = {
			isa = XCBuildConfiguration;
			buildSettings = {
				ALWAYS_SEARCH_USER_PATHS = NO;
				CLANG_CXX_LANGUAGE_STANDARD = "gnu++0x";
				CLANG_CXX_LIBRARY = "libc++";
				CLANG_ENABLE_MODULES = YES;
				CLANG_ENABLE_OBJC_ARC = YES;
				CLANG_WARN_BOOL_CONVERSION = YES;
				CLANG_WARN_CONSTANT_CONVERSION = YES;
				CLANG_WARN_DIRECT_OBJC_ISA_USAGE = YES_ERROR;
				CLANG_WARN_EMPTY_BODY = YES;
				CLANG_WARN_ENUM_CONVERSION = YES;
				CLANG_WARN_INT_CONVERSION = YES;
				CLANG_WARN_OBJC_ROOT_CLASS = YES_ERROR;
				CLANG_WARN_UNREACHABLE_CODE = YES;
				CLANG_WARN__DUPLICATE_METHOD_MATCH = YES;
				CODE_SIGN_IDENTITY = "-";
				COPY_PHASE_STRIP = NO;
				ENABLE_STRICT_OBJC_MSGSEND = YES;
				GCC_C_LANGUAGE_STANDARD = gnu99;
				GCC_DYNAMIC_NO_PIC = NO;
				GCC_OPTIMIZATION_LEVEL = 0;
				GCC_PREPROCESSOR_DEFINITIONS = (
					"DEBUG=1",
					"$(inherited)",
				);
				GCC_SYMBOLS_PRIVATE_EXTERN = NO;
				GCC_WARN_64_TO_32_BIT_CONVERSION = YES;
				GCC_WARN_ABOUT_RETURN_TYPE = YES_ERROR;
				GCC_WARN_UNDECLARED_SELECTOR = YES;
				GCC_WARN_UNINITIALIZED_AUTOS = YES_AGGRESSIVE;
				GCC_WARN_UNUSED_FUNCTION = YES;
				GCC_WARN_UNUSED_VARIABLE = YES;
				MACOSX_DEPLOYMENT_TARGET = 10.9;
				MTL_ENABLE_DEBUG_INFO = YES;
				ONLY_ACTIVE_ARCH = YES;
				SDKROOT = macosx;
			};
			name = Debug;
		};
		EA577B951994938C00103AD4 /* Release */ = {
			isa = XCBuildConfiguration;
			buildSettings = {
				ALWAYS_SEARCH_USER_PATHS = NO;
				CLANG_CXX_LANGUAGE_STANDARD = "gnu++0x";
				CLANG_CXX_LIBRARY = "libc++";
				CLANG_ENABLE_MODULES = YES;
				CLANG_ENABLE_OBJC_ARC = YES;
				CLANG_WARN_BOOL_CONVERSION = YES;
				CLANG_WARN_CONSTANT_CONVERSION = YES;
				CLANG_WARN_DIRECT_OBJC_ISA_USAGE = YES_ERROR;
				CLANG_WARN_EMPTY_BODY = YES;
				CLANG_WARN_ENUM_CONVERSION = YES;
				CLANG_WARN_INT_CONVERSION = YES;
				CLANG_WARN_OBJC_ROOT_CLASS = YES_ERROR;
				CLANG_WARN_UNREACHABLE_CODE = YES;
				CLANG_WARN__DUPLICATE_METHOD_MATCH = YES;
				CODE_SIGN_IDENTITY = "-";
				COPY_PHASE_STRIP = YES;
				DEBUG_INFORMATION_FORMAT = "dwarf-with-dsym";
				ENABLE_NS_ASSERTIONS = NO;
				ENABLE_STRICT_OBJC_MSGSEND = YES;
				GCC_C_LANGUAGE_STANDARD = gnu99;
				GCC_WARN_64_TO_32_BIT_CONVERSION = YES;
				GCC_WARN_ABOUT_RETURN_TYPE = YES_ERROR;
				GCC_WARN_UNDECLARED_SELECTOR = YES;
				GCC_WARN_UNINITIALIZED_AUTOS = YES_AGGRESSIVE;
				GCC_WARN_UNUSED_FUNCTION = YES;
				GCC_WARN_UNUSED_VARIABLE = YES;
				MACOSX_DEPLOYMENT_TARGET = 10.9;
				MTL_ENABLE_DEBUG_INFO = NO;
				SDKROOT = macosx;
			};
			name = Release;
		};
		EA577B971994938C00103AD4 /* Debug */ = {
			isa = XCBuildConfiguration;
			buildSettings = {
				ASSETCATALOG_COMPILER_APPICON_NAME = AppIcon;
				COMBINE_HIDPI_IMAGES = YES;
				INFOPLIST_FILE = "control server2/Info.plist";
				LD_RUNPATH_SEARCH_PATHS = "$(inherited) @executable_path/../Frameworks";
				PRODUCT_NAME = "$(TARGET_NAME)";
			};
			name = Debug;
		};
		EA577B981994938C00103AD4 /* Release */ = {
			isa = XCBuildConfiguration;
			buildSettings = {
				ASSETCATALOG_COMPILER_APPICON_NAME = AppIcon;
				COMBINE_HIDPI_IMAGES = YES;
				INFOPLIST_FILE = "control server2/Info.plist";
				LD_RUNPATH_SEARCH_PATHS = "$(inherited) @executable_path/../Frameworks";
				PRODUCT_NAME = "$(TARGET_NAME)";
			};
			name = Release;
		};
		EA577B9A1994938C00103AD4 /* Debug */ = {
			isa = XCBuildConfiguration;
			buildSettings = {
				BUNDLE_LOADER = "$(BUILT_PRODUCTS_DIR)/control server2.app/Contents/MacOS/control server2";
				COMBINE_HIDPI_IMAGES = YES;
				FRAMEWORK_SEARCH_PATHS = (
					"$(DEVELOPER_FRAMEWORKS_DIR)",
					"$(inherited)",
				);
				GCC_PREPROCESSOR_DEFINITIONS = (
					"DEBUG=1",
					"$(inherited)",
				);
				INFOPLIST_FILE = "control server2Tests/Info.plist";
				LD_RUNPATH_SEARCH_PATHS = "$(inherited) @executable_path/../Frameworks @loader_path/../Frameworks";
				PRODUCT_NAME = "$(TARGET_NAME)";
				TEST_HOST = "$(BUNDLE_LOADER)";
			};
			name = Debug;
		};
		EA577B9B1994938C00103AD4 /* Release */ = {
			isa = XCBuildConfiguration;
			buildSettings = {
				BUNDLE_LOADER = "$(BUILT_PRODUCTS_DIR)/control server2.app/Contents/MacOS/control server2";
				COMBINE_HIDPI_IMAGES = YES;
				FRAMEWORK_SEARCH_PATHS = (
					"$(DEVELOPER_FRAMEWORKS_DIR)",
					"$(inherited)",
				);
				INFOPLIST_FILE = "control server2Tests/Info.plist";
				LD_RUNPATH_SEARCH_PATHS = "$(inherited) @executable_path/../Frameworks @loader_path/../Frameworks";
				PRODUCT_NAME = "$(TARGET_NAME)";
				TEST_HOST = "$(BUNDLE_LOADER)";
			};
			name = Release;
		};
/* End XCBuildConfiguration section */

/* Begin XCConfigurationList section */
		EA577B741994938C00103AD4 /* Build configuration list for PBXProject "control server2" */ = {
			isa = XCConfigurationList;
			buildConfigurations = (
				EA577B941994938C00103AD4 /* Debug */,
				EA577B951994938C00103AD4 /* Release */,
			);
			defaultConfigurationIsVisible = 0;
			defaultConfigurationName = Release;
		};
		EA577B961994938C00103AD4 /* Build configuration list for PBXNativeTarget "control server2" */ = {
			isa = XCConfigurationList;
			buildConfigurations = (
				EA577B971994938C00103AD4 /* Debug */,
				EA577B981994938C00103AD4 /* Release */,
			);
			defaultConfigurationIsVisible = 0;
			defaultConfigurationName = Release;
		};
		EA577B991994938C00103AD4 /* Build configuration list for PBXNativeTarget "control server2Tests" */ = {
			isa = XCConfigurationList;
			buildConfigurations = (
				EA577B9A1994938C00103AD4 /* Debug */,
				EA577B9B1994938C00103AD4 /* Release */,
			);
			defaultConfigurationIsVisible = 0;
			defaultConfigurationName = Release;
		};
/* End XCConfigurationList section */
	};
	rootObject = EA577B711994938C00103AD4 /* Project object */;
}
