// !$*UTF8*$!
{
	archiveVersion = 1;
	classes = {
	};
	objectVersion = 46;
	objects = {

/* Begin PBXBuildFile section */
		EA805505199C37F400805893 /* main.m in Sources */ = {isa = PBXBuildFile; fileRef = EA805504199C37F400805893 /* main.m */; };
		EA805508199C37F400805893 /* AppDelegate.m in Sources */ = {isa = PBXBuildFile; fileRef = EA805507199C37F400805893 /* AppDelegate.m */; };
		EA80550A199C37F400805893 /* Images.xcassets in Resources */ = {isa = PBXBuildFile; fileRef = EA805509199C37F400805893 /* Images.xcassets */; };
		EA80550D199C37F400805893 /* MainMenu.xib in Resources */ = {isa = PBXBuildFile; fileRef = EA80550B199C37F400805893 /* MainMenu.xib */; };
		EA805519199C37F400805893 /* control_clientTests.m in Sources */ = {isa = PBXBuildFile; fileRef = EA805518199C37F400805893 /* control_clientTests.m */; };
		EA805533199C3BA700805893 /* AsyncSocket.m in Sources */ = {isa = PBXBuildFile; fileRef = EA805532199C3BA700805893 /* AsyncSocket.m */; };
/* End PBXBuildFile section */

/* Begin PBXContainerItemProxy section */
		EA805513199C37F400805893 /* PBXContainerItemProxy */ = {
			isa = PBXContainerItemProxy;
			containerPortal = EA8054F7199C37F400805893 /* Project object */;
			proxyType = 1;
			remoteGlobalIDString = EA8054FE199C37F400805893;
			remoteInfo = "control client";
		};
/* End PBXContainerItemProxy section */

/* Begin PBXFileReference section */
		EA8054FF199C37F400805893 /* control client.app */ = {isa = PBXFileReference; explicitFileType = wrapper.application; includeInIndex = 0; path = "control client.app"; sourceTree = BUILT_PRODUCTS_DIR; };
		EA805503199C37F400805893 /* Info.plist */ = {isa = PBXFileReference; lastKnownFileType = text.plist.xml; path = Info.plist; sourceTree = "<group>"; };
		EA805504199C37F400805893 /* main.m */ = {isa = PBXFileReference; lastKnownFileType = sourcecode.c.objc; path = main.m; sourceTree = "<group>"; };
		EA805506199C37F400805893 /* AppDelegate.h */ = {isa = PBXFileReference; lastKnownFileType = sourcecode.c.h; path = AppDelegate.h; sourceTree = "<group>"; };
		EA805507199C37F400805893 /* AppDelegate.m */ = {isa = PBXFileReference; lastKnownFileType = sourcecode.c.objc; path = AppDelegate.m; sourceTree = "<group>"; };
		EA805509199C37F400805893 /* Images.xcassets */ = {isa = PBXFileReference; lastKnownFileType = folder.assetcatalog; path = Images.xcassets; sourceTree = "<group>"; };
		EA80550C199C37F400805893 /* Base */ = {isa = PBXFileReference; lastKnownFileType = file.xib; name = Base; path = Base.lproj/MainMenu.xib; sourceTree = "<group>"; };
		EA805512199C37F400805893 /* control clientTests.xctest */ = {isa = PBXFileReference; explicitFileType = wrapper.cfbundle; includeInIndex = 0; path = "control clientTests.xctest"; sourceTree = BUILT_PRODUCTS_DIR; };
		EA805517199C37F400805893 /* Info.plist */ = {isa = PBXFileReference; lastKnownFileType = text.plist.xml; path = Info.plist; sourceTree = "<group>"; };
		EA805518199C37F400805893 /* control_clientTests.m */ = {isa = PBXFileReference; lastKnownFileType = sourcecode.c.objc; path = control_clientTests.m; sourceTree = "<group>"; };
		EA805531199C3BA700805893 /* AsyncSocket.h */ = {isa = PBXFileReference; fileEncoding = 4; lastKnownFileType = sourcecode.c.h; path = AsyncSocket.h; sourceTree = "<group>"; };
		EA805532199C3BA700805893 /* AsyncSocket.m */ = {isa = PBXFileReference; fileEncoding = 4; lastKnownFileType = sourcecode.c.objc; path = AsyncSocket.m; sourceTree = "<group>"; };
/* End PBXFileReference section */

/* Begin PBXFrameworksBuildPhase section */
		EA8054FC199C37F400805893 /* Frameworks */ = {
			isa = PBXFrameworksBuildPhase;
			buildActionMask = 2147483647;
			files = (
			);
			runOnlyForDeploymentPostprocessing = 0;
		};
		EA80550F199C37F400805893 /* Frameworks */ = {
			isa = PBXFrameworksBuildPhase;
			buildActionMask = 2147483647;
			files = (
			);
			runOnlyForDeploymentPostprocessing = 0;
		};
/* End PBXFrameworksBuildPhase section */

/* Begin PBXGroup section */
		EA8054F6199C37F400805893 = {
			isa = PBXGroup;
			children = (
				EA805501199C37F400805893 /* control client */,
				EA805515199C37F400805893 /* control clientTests */,
				EA805500199C37F400805893 /* Products */,
			);
			sourceTree = "<group>";
		};
		EA805500199C37F400805893 /* Products */ = {
			isa = PBXGroup;
			children = (
				EA8054FF199C37F400805893 /* control client.app */,
				EA805512199C37F400805893 /* control clientTests.xctest */,
			);
			name = Products;
			sourceTree = "<group>";
		};
		EA805501199C37F400805893 /* control client */ = {
			isa = PBXGroup;
			children = (
				EA805531199C3BA700805893 /* AsyncSocket.h */,
				EA805532199C3BA700805893 /* AsyncSocket.m */,
				EA805506199C37F400805893 /* AppDelegate.h */,
				EA805507199C37F400805893 /* AppDelegate.m */,
				EA805509199C37F400805893 /* Images.xcassets */,
				EA80550B199C37F400805893 /* MainMenu.xib */,
				EA805502199C37F400805893 /* Supporting Files */,
			);
			path = "control client";
			sourceTree = "<group>";
		};
		EA805502199C37F400805893 /* Supporting Files */ = {
			isa = PBXGroup;
			children = (
				EA805503199C37F400805893 /* Info.plist */,
				EA805504199C37F400805893 /* main.m */,
			);
			name = "Supporting Files";
			sourceTree = "<group>";
		};
		EA805515199C37F400805893 /* control clientTests */ = {
			isa = PBXGroup;
			children = (
				EA805518199C37F400805893 /* control_clientTests.m */,
				EA805516199C37F400805893 /* Supporting Files */,
			);
			path = "control clientTests";
			sourceTree = "<group>";
		};
		EA805516199C37F400805893 /* Supporting Files */ = {
			isa = PBXGroup;
			children = (
				EA805517199C37F400805893 /* Info.plist */,
			);
			name = "Supporting Files";
			sourceTree = "<group>";
		};
/* End PBXGroup section */

/* Begin PBXNativeTarget section */
		EA8054FE199C37F400805893 /* control client */ = {
			isa = PBXNativeTarget;
			buildConfigurationList = EA80551C199C37F400805893 /* Build configuration list for PBXNativeTarget "control client" */;
			buildPhases = (
				EA8054FB199C37F400805893 /* Sources */,
				EA8054FC199C37F400805893 /* Frameworks */,
				EA8054FD199C37F400805893 /* Resources */,
			);
			buildRules = (
			);
			dependencies = (
			);
			name = "control client";
			productName = "control client";
			productReference = EA8054FF199C37F400805893 /* control client.app */;
			productType = "com.apple.product-type.application";
		};
		EA805511199C37F400805893 /* control clientTests */ = {
			isa = PBXNativeTarget;
			buildConfigurationList = EA80551F199C37F400805893 /* Build configuration list for PBXNativeTarget "control clientTests" */;
			buildPhases = (
				EA80550E199C37F400805893 /* Sources */,
				EA80550F199C37F400805893 /* Frameworks */,
				EA805510199C37F400805893 /* Resources */,
			);
			buildRules = (
			);
			dependencies = (
				EA805514199C37F400805893 /* PBXTargetDependency */,
			);
			name = "control clientTests";
			productName = "control clientTests";
			productReference = EA805512199C37F400805893 /* control clientTests.xctest */;
			productType = "com.apple.product-type.bundle.unit-test";
		};
/* End PBXNativeTarget section */

/* Begin PBXProject section */
		EA8054F7199C37F400805893 /* Project object */ = {
			isa = PBXProject;
			attributes = {
				LastUpgradeCheck = 0600;
				ORGANIZATIONNAME = "Michael Arthur";
				TargetAttributes = {
					EA8054FE199C37F400805893 = {
						CreatedOnToolsVersion = 6.0;
					};
					EA805511199C37F400805893 = {
						CreatedOnToolsVersion = 6.0;
						TestTargetID = EA8054FE199C37F400805893;
					};
				};
			};
			buildConfigurationList = EA8054FA199C37F400805893 /* Build configuration list for PBXProject "control client" */;
			compatibilityVersion = "Xcode 3.2";
			developmentRegion = English;
			hasScannedForEncodings = 0;
			knownRegions = (
				en,
				Base,
			);
			mainGroup = EA8054F6199C37F400805893;
			productRefGroup = EA805500199C37F400805893 /* Products */;
			projectDirPath = "";
			projectRoot = "";
			targets = (
				EA8054FE199C37F400805893 /* control client */,
				EA805511199C37F400805893 /* control clientTests */,
			);
		};
/* End PBXProject section */

/* Begin PBXResourcesBuildPhase section */
		EA8054FD199C37F400805893 /* Resources */ = {
			isa = PBXResourcesBuildPhase;
			buildActionMask = 2147483647;
			files = (
				EA80550A199C37F400805893 /* Images.xcassets in Resources */,
				EA80550D199C37F400805893 /* MainMenu.xib in Resources */,
			);
			runOnlyForDeploymentPostprocessing = 0;
		};
		EA805510199C37F400805893 /* Resources */ = {
			isa = PBXResourcesBuildPhase;
			buildActionMask = 2147483647;
			files = (
			);
			runOnlyForDeploymentPostprocessing = 0;
		};
/* End PBXResourcesBuildPhase section */

/* Begin PBXSourcesBuildPhase section */
		EA8054FB199C37F400805893 /* Sources */ = {
			isa = PBXSourcesBuildPhase;
			buildActionMask = 2147483647;
			files = (
				EA805533199C3BA700805893 /* AsyncSocket.m in Sources */,
				EA805508199C37F400805893 /* AppDelegate.m in Sources */,
				EA805505199C37F400805893 /* main.m in Sources */,
			);
			runOnlyForDeploymentPostprocessing = 0;
		};
		EA80550E199C37F400805893 /* Sources */ = {
			isa = PBXSourcesBuildPhase;
			buildActionMask = 2147483647;
			files = (
				EA805519199C37F400805893 /* control_clientTests.m in Sources */,
			);
			runOnlyForDeploymentPostprocessing = 0;
		};
/* End PBXSourcesBuildPhase section */

/* Begin PBXTargetDependency section */
		EA805514199C37F400805893 /* PBXTargetDependency */ = {
			isa = PBXTargetDependency;
			target = EA8054FE199C37F400805893 /* control client */;
			targetProxy = EA805513199C37F400805893 /* PBXContainerItemProxy */;
		};
/* End PBXTargetDependency section */

/* Begin PBXVariantGroup section */
		EA80550B199C37F400805893 /* MainMenu.xib */ = {
			isa = PBXVariantGroup;
			children = (
				EA80550C199C37F400805893 /* Base */,
			);
			name = MainMenu.xib;
			sourceTree = "<group>";
		};
/* End PBXVariantGroup section */

/* Begin XCBuildConfiguration section */
		EA80551A199C37F400805893 /* Debug */ = {
			isa = XCBuildConfiguration;
			buildSettings = {
				ALWAYS_SEARCH_USER_PATHS = NO;
				CLANG_CXX_LANGUAGE_STANDARD = "gnu++0x";
				CLANG_CXX_LIBRARY = "libc++";
				CLANG_ENABLE_MODULES = YES;
				CLANG_ENABLE_OBJC_ARC = YES;
				CLANG_WARN_BOOL_CONVERSION = YES;
				CLANG_WARN_CONSTANT_CONVERSION = YES;
				CLANG_WARN_DIRECT_OBJC_ISA_USAGE = YES_ERROR;
				CLANG_WARN_EMPTY_BODY = YES;
				CLANG_WARN_ENUM_CONVERSION = YES;
				CLANG_WARN_INT_CONVERSION = YES;
				CLANG_WARN_OBJC_ROOT_CLASS = YES_ERROR;
				CLANG_WARN_UNREACHABLE_CODE = YES;
				CLANG_WARN__DUPLICATE_METHOD_MATCH = YES;
				CODE_SIGN_IDENTITY = "-";
				COPY_PHASE_STRIP = NO;
				ENABLE_STRICT_OBJC_MSGSEND = YES;
				GCC_C_LANGUAGE_STANDARD = gnu99;
				GCC_DYNAMIC_NO_PIC = NO;
				GCC_OPTIMIZATION_LEVEL = 0;
				GCC_PREPROCESSOR_DEFINITIONS = (
					"DEBUG=1",
					"$(inherited)",
				);
				GCC_SYMBOLS_PRIVATE_EXTERN = NO;
				GCC_WARN_64_TO_32_BIT_CONVERSION = YES;
				GCC_WARN_ABOUT_RETURN_TYPE = YES_ERROR;
				GCC_WARN_UNDECLARED_SELECTOR = YES;
				GCC_WARN_UNINITIALIZED_AUTOS = YES_AGGRESSIVE;
				GCC_WARN_UNUSED_FUNCTION = YES;
				GCC_WARN_UNUSED_VARIABLE = YES;
				MACOSX_DEPLOYMENT_TARGET = 10.9;
				MTL_ENABLE_DEBUG_INFO = YES;
				ONLY_ACTIVE_ARCH = YES;
				SDKROOT = macosx;
			};
			name = Debug;
		};
		EA80551B199C37F400805893 /* Release */ = {
			isa = XCBuildConfiguration;
			buildSettings = {
				ALWAYS_SEARCH_USER_PATHS = NO;
				CLANG_CXX_LANGUAGE_STANDARD = "gnu++0x";
				CLANG_CXX_LIBRARY = "libc++";
				CLANG_ENABLE_MODULES = YES;
				CLANG_ENABLE_OBJC_ARC = YES;
				CLANG_WARN_BOOL_CONVERSION = YES;
				CLANG_WARN_CONSTANT_CONVERSION = YES;
				CLANG_WARN_DIRECT_OBJC_ISA_USAGE = YES_ERROR;
				CLANG_WARN_EMPTY_BODY = YES;
				CLANG_WARN_ENUM_CONVERSION = YES;
				CLANG_WARN_INT_CONVERSION = YES;
				CLANG_WARN_OBJC_ROOT_CLASS = YES_ERROR;
				CLANG_WARN_UNREACHABLE_CODE = YES;
				CLANG_WARN__DUPLICATE_METHOD_MATCH = YES;
				CODE_SIGN_IDENTITY = "-";
				COPY_PHASE_STRIP = YES;
				DEBUG_INFORMATION_FORMAT = "dwarf-with-dsym";
				ENABLE_NS_ASSERTIONS = NO;
				ENABLE_STRICT_OBJC_MSGSEND = YES;
				GCC_C_LANGUAGE_STANDARD = gnu99;
				GCC_WARN_64_TO_32_BIT_CONVERSION = YES;
				GCC_WARN_ABOUT_RETURN_TYPE = YES_ERROR;
				GCC_WARN_UNDECLARED_SELECTOR = YES;
				GCC_WARN_UNINITIALIZED_AUTOS = YES_AGGRESSIVE;
				GCC_WARN_UNUSED_FUNCTION = YES;
				GCC_WARN_UNUSED_VARIABLE = YES;
				MACOSX_DEPLOYMENT_TARGET = 10.9;
				MTL_ENABLE_DEBUG_INFO = NO;
				SDKROOT = macosx;
			};
			name = Release;
		};
		EA80551D199C37F400805893 /* Debug */ = {
			isa = XCBuildConfiguration;
			buildSettings = {
				ASSETCATALOG_COMPILER_APPICON_NAME = AppIcon;
				COMBINE_HIDPI_IMAGES = YES;
				INFOPLIST_FILE = "control client/Info.plist";
				LD_RUNPATH_SEARCH_PATHS = "$(inherited) @executable_path/../Frameworks";
				PRODUCT_NAME = "$(TARGET_NAME)";
			};
			name = Debug;
		};
		EA80551E199C37F400805893 /* Release */ = {
			isa = XCBuildConfiguration;
			buildSettings = {
				ASSETCATALOG_COMPILER_APPICON_NAME = AppIcon;
				COMBINE_HIDPI_IMAGES = YES;
				INFOPLIST_FILE = "control client/Info.plist";
				LD_RUNPATH_SEARCH_PATHS = "$(inherited) @executable_path/../Frameworks";
				PRODUCT_NAME = "$(TARGET_NAME)";
			};
			name = Release;
		};
		EA805520199C37F400805893 /* Debug */ = {
			isa = XCBuildConfiguration;
			buildSettings = {
				BUNDLE_LOADER = "$(TEST_HOST)";
				COMBINE_HIDPI_IMAGES = YES;
				FRAMEWORK_SEARCH_PATHS = (
					"$(DEVELOPER_FRAMEWORKS_DIR)",
					"$(inherited)",
				);
				GCC_PREPROCESSOR_DEFINITIONS = (
					"DEBUG=1",
					"$(inherited)",
				);
				INFOPLIST_FILE = "control clientTests/Info.plist";
				LD_RUNPATH_SEARCH_PATHS = "$(inherited) @executable_path/../Frameworks @loader_path/../Frameworks";
				PRODUCT_NAME = "$(TARGET_NAME)";
				TEST_HOST = "$(BUILT_PRODUCTS_DIR)/control client.app/Contents/MacOS/control client";
			};
			name = Debug;
		};
		EA805521199C37F400805893 /* Release */ = {
			isa = XCBuildConfiguration;
			buildSettings = {
				BUNDLE_LOADER = "$(TEST_HOST)";
				COMBINE_HIDPI_IMAGES = YES;
				FRAMEWORK_SEARCH_PATHS = (
					"$(DEVELOPER_FRAMEWORKS_DIR)",
					"$(inherited)",
				);
				INFOPLIST_FILE = "control clientTests/Info.plist";
				LD_RUNPATH_SEARCH_PATHS = "$(inherited) @executable_path/../Frameworks @loader_path/../Frameworks";
				PRODUCT_NAME = "$(TARGET_NAME)";
				TEST_HOST = "$(BUILT_PRODUCTS_DIR)/control client.app/Contents/MacOS/control client";
			};
			name = Release;
		};
/* End XCBuildConfiguration section */

/* Begin XCConfigurationList section */
		EA8054FA199C37F400805893 /* Build configuration list for PBXProject "control client" */ = {
			isa = XCConfigurationList;
			buildConfigurations = (
				EA80551A199C37F400805893 /* Debug */,
				EA80551B199C37F400805893 /* Release */,
			);
			defaultConfigurationIsVisible = 0;
			defaultConfigurationName = Release;
		};
		EA80551C199C37F400805893 /* Build configuration list for PBXNativeTarget "control client" */ = {
			isa = XCConfigurationList;
			buildConfigurations = (
				EA80551D199C37F400805893 /* Debug */,
				EA80551E199C37F400805893 /* Release */,
			);
			defaultConfigurationIsVisible = 0;
			defaultConfigurationName = Release;
		};
		EA80551F199C37F400805893 /* Build configuration list for PBXNativeTarget "control clientTests" */ = {
			isa = XCConfigurationList;
			buildConfigurations = (
				EA805520199C37F400805893 /* Debug */,
				EA805521199C37F400805893 /* Release */,
			);
			defaultConfigurationIsVisible = 0;
			defaultConfigurationName = Release;
		};
/* End XCConfigurationList section */
	};
	rootObject = EA8054F7199C37F400805893 /* Project object */;
}
